
Microsoft Visual Studio Solution File, Format Version 12.00
# Visual Studio Version 16
VisualStudioVersion = 16.0.29020.237
MinimumVisualStudioVersion = 10.0.40219.1
Project("{FAE04EC0-301F-11D3-BF4B-00C04F79EFBC}") = "WebKUR", "WebKUR.csproj", "{76A958A0-D184-49C9-9AFB-1466C9364A3D}"
EndProject
Global
	GlobalSection(SolutionConfigurationPlatforms) = preSolution
		Debug|Any CPU = Debug|Any CPU
		Release|Any CPU = Release|Any CPU
	EndGlobalSection
	GlobalSection(ProjectConfigurationPlatforms) = postSolution
		{76A958A0-D184-49C9-9AFB-1466C9364A3D}.Debug|Any CPU.ActiveCfg = Debug|Any CPU
		{76A958A0-D184-49C9-9AFB-1466C9364A3D}.Debug|Any CPU.Build.0 = Debug|Any CPU
		{76A958A0-D184-49C9-9AFB-1466C9364A3D}.Release|Any CPU.ActiveCfg = Release|Any CPU
		{76A958A0-D184-49C9-9AFB-1466C9364A3D}.Release|Any CPU.Build.0 = Release|Any CPU
	EndGlobalSection
	GlobalSection(SolutionProperties) = preSolution
		HideSolutionNode = FALSE
	EndGlobalSection
	GlobalSection(ExtensibilityGlobals) = postSolution
		SolutionGuid = {33FFB63A-B323-4B7E-B215-25B50BB1617D}
	EndGlobalSection
EndGlobal
